
Microsoft Visual Studio Solution File, Format Version 12.00
# Visual Studio Version 17
VisualStudioVersion = 17.14.36408.4
MinimumVisualStudioVersion = 10.0.40219.1
Project("{FAE04EC0-301F-11D3-BF4B-00C04F79EFBC}") = "CMCSP3", "CMCSP3.csproj", "{7A2204A6-34BF-4BA2-B2D2-244649D6326A}"
EndProject
Project("{FAE04EC0-301F-11D3-BF4B-00C04F79EFBC}") = "ClaimsTest", "..\ClaimsTest\ClaimsTest.csproj", "{A2968E25-73D0-48BE-A194-13EE314F714F}"
EndProject
Global
	GlobalSection(SolutionConfigurationPlatforms) = preSolution
		Debug|Any CPU = Debug|Any CPU
		Release|Any CPU = Release|Any CPU
	EndGlobalSection
	GlobalSection(ProjectConfigurationPlatforms) = postSolution
		{7A2204A6-34BF-4BA2-B2D2-244649D6326A}.Debug|Any CPU.ActiveCfg = Debug|Any CPU
		{7A2204A6-34BF-4BA2-B2D2-244649D6326A}.Debug|Any CPU.Build.0 = Debug|Any CPU
		{7A2204A6-34BF-4BA2-B2D2-244649D6326A}.Release|Any CPU.ActiveCfg = Release|Any CPU
		{7A2204A6-34BF-4BA2-B2D2-244649D6326A}.Release|Any CPU.Build.0 = Release|Any CPU
		{A2968E25-73D0-48BE-A194-13EE314F714F}.Debug|Any CPU.ActiveCfg = Debug|Any CPU
		{A2968E25-73D0-48BE-A194-13EE314F714F}.Debug|Any CPU.Build.0 = Debug|Any CPU
		{A2968E25-73D0-48BE-A194-13EE314F714F}.Release|Any CPU.ActiveCfg = Release|Any CPU
		{A2968E25-73D0-48BE-A194-13EE314F714F}.Release|Any CPU.Build.0 = Release|Any CPU
	EndGlobalSection
	GlobalSection(SolutionProperties) = preSolution
		HideSolutionNode = FALSE
	EndGlobalSection
	GlobalSection(ExtensibilityGlobals) = postSolution
		SolutionGuid = {28852C78-7CA9-41F6-96D3-F85050D1E63F}
	EndGlobalSection
EndGlobal
