
Microsoft Visual Studio Solution File, Format Version 12.00
# Visual Studio Version 17
VisualStudioVersion = 17.14.36408.4 d17.14
MinimumVisualStudioVersion = 10.0.40219.1
Project("{FAE04EC0-301F-11D3-BF4B-00C04F79EFBC}") = "CMCSPART3", "CMCSPART3.csproj", "{C7CBA752-9572-4330-8DFD-7142C09501D0}"
EndProject
Global
	GlobalSection(SolutionConfigurationPlatforms) = preSolution
		Debug|Any CPU = Debug|Any CPU
		Release|Any CPU = Release|Any CPU
	EndGlobalSection
	GlobalSection(ProjectConfigurationPlatforms) = postSolution
		{C7CBA752-9572-4330-8DFD-7142C09501D0}.Debug|Any CPU.ActiveCfg = Debug|Any CPU
		{C7CBA752-9572-4330-8DFD-7142C09501D0}.Debug|Any CPU.Build.0 = Debug|Any CPU
		{C7CBA752-9572-4330-8DFD-7142C09501D0}.Release|Any CPU.ActiveCfg = Release|Any CPU
		{C7CBA752-9572-4330-8DFD-7142C09501D0}.Release|Any CPU.Build.0 = Release|Any CPU
	EndGlobalSection
	GlobalSection(SolutionProperties) = preSolution
		HideSolutionNode = FALSE
	EndGlobalSection
	GlobalSection(ExtensibilityGlobals) = postSolution
		SolutionGuid = {3CB0BD0A-72FE-43E5-BF44-F01B74F6503A}
	EndGlobalSection
EndGlobal
